
Microsoft Visual Studio Solution File, Format Version 12.00
# Visual Studio Version 17
VisualStudioVersion = 17.4.33213.308
MinimumVisualStudioVersion = 10.0.40219.1
Project("{FAE04EC0-301F-11D3-BF4B-00C04F79EFBC}") = "Elevator", "Elevator\Elevator.csproj", "{BAA61594-1F21-4DC1-9AF5-3216F139A1B3}"
EndProject
Global
	GlobalSection(SolutionConfigurationPlatforms) = preSolution
		Debug|Any CPU = Debug|Any CPU
		Release|Any CPU = Release|Any CPU
	EndGlobalSection
	GlobalSection(ProjectConfigurationPlatforms) = postSolution
		{BAA61594-1F21-4DC1-9AF5-3216F139A1B3}.Debug|Any CPU.ActiveCfg = Debug|Any CPU
		{BAA61594-1F21-4DC1-9AF5-3216F139A1B3}.Debug|Any CPU.Build.0 = Debug|Any CPU
		{BAA61594-1F21-4DC1-9AF5-3216F139A1B3}.Release|Any CPU.ActiveCfg = Release|Any CPU
		{BAA61594-1F21-4DC1-9AF5-3216F139A1B3}.Release|Any CPU.Build.0 = Release|Any CPU
	EndGlobalSection
	GlobalSection(SolutionProperties) = preSolution
		HideSolutionNode = FALSE
	EndGlobalSection
	GlobalSection(ExtensibilityGlobals) = postSolution
		SolutionGuid = {D8ED7584-A021-4B24-87CF-BAAA4E82201F}
	EndGlobalSection
EndGlobal
